{
  "name": "cc2145a2fe1558fa",
  "lockfileVersion": 3,
  "requires": true,
  "packages": {
    "": {
      "dependencies": {
        "create-next-app": "^16.2.3"
      }
    },
    "node_modules/create-next-app": {
      "version": "16.2.3",
      "resolved": "https://registry.npmjs.org/create-next-app/-/create-next-app-16.2.3.tgz",
      "integrity": "sha512-M+0gIQJw9BzV2twxOzr6egZBCpep9B7M6uahT+bDo6s/LuHhCekd8GOU7AxqvyNmK6Me9gdLDVax+9geLtF4dA==",
      "license": "MIT",
      "bin": {
        "create-next-app": "dist/index.js"
      },
      "engines": {
        "node": ">=20.9.0"
      }
    }
  }
}
